
Microsoft Visual Studio Solution File, Format Version 12.00
# Visual Studio Version 17
VisualStudioVersion = 17.4.33213.308
MinimumVisualStudioVersion = 10.0.40219.1
Project("{FAE04EC0-301F-11D3-BF4B-00C04F79EFBC}") = "WebApplication1", "WebApplication1\WebApplication1.csproj", "{53D156BA-E3C7-4870-922A-0992FBECCA5E}"
EndProject
Global
	GlobalSection(SolutionConfigurationPlatforms) = preSolution
		Debug|Any CPU = Debug|Any CPU
		Release|Any CPU = Release|Any CPU
	EndGlobalSection
	GlobalSection(ProjectConfigurationPlatforms) = postSolution
		{53D156BA-E3C7-4870-922A-0992FBECCA5E}.Debug|Any CPU.ActiveCfg = Debug|Any CPU
		{53D156BA-E3C7-4870-922A-0992FBECCA5E}.Debug|Any CPU.Build.0 = Debug|Any CPU
		{53D156BA-E3C7-4870-922A-0992FBECCA5E}.Release|Any CPU.ActiveCfg = Release|Any CPU
		{53D156BA-E3C7-4870-922A-0992FBECCA5E}.Release|Any CPU.Build.0 = Release|Any CPU
	EndGlobalSection
	GlobalSection(SolutionProperties) = preSolution
		HideSolutionNode = FALSE
	EndGlobalSection
	GlobalSection(ExtensibilityGlobals) = postSolution
		SolutionGuid = {2F8CA39A-F25D-4E3E-82E4-6D85D4768F16}
	EndGlobalSection
EndGlobal
